
Microsoft Visual Studio Solution File, Format Version 12.00
# Visual Studio Version 17
VisualStudioVersion = 17.5.33502.453
MinimumVisualStudioVersion = 10.0.40219.1
Project("{FAE04EC0-301F-11D3-BF4B-00C04F79EFBC}") = "ConsoleApp5", "ConsoleApp5.csproj", "{A9CC1D86-4AF4-484F-833E-1207E0B308AB}"
EndProject
Global
	GlobalSection(SolutionConfigurationPlatforms) = preSolution
		Debug|Any CPU = Debug|Any CPU
		Release|Any CPU = Release|Any CPU
	EndGlobalSection
	GlobalSection(ProjectConfigurationPlatforms) = postSolution
		{A9CC1D86-4AF4-484F-833E-1207E0B308AB}.Debug|Any CPU.ActiveCfg = Debug|Any CPU
		{A9CC1D86-4AF4-484F-833E-1207E0B308AB}.Debug|Any CPU.Build.0 = Debug|Any CPU
		{A9CC1D86-4AF4-484F-833E-1207E0B308AB}.Release|Any CPU.ActiveCfg = Release|Any CPU
		{A9CC1D86-4AF4-484F-833E-1207E0B308AB}.Release|Any CPU.Build.0 = Release|Any CPU
	EndGlobalSection
	GlobalSection(SolutionProperties) = preSolution
		HideSolutionNode = FALSE
	EndGlobalSection
	GlobalSection(ExtensibilityGlobals) = postSolution
		SolutionGuid = {B763C0CC-F214-43C8-8EE0-FDD8CA4592A5}
	EndGlobalSection
EndGlobal
